
Microsoft Visual Studio Solution File, Format Version 12.00
Project("{2150E333-8FDC-42A3-9474-1A3956D46DE8}") = "src", "src", "{3F51610B-3D41-425A-A1FB-BA69909A8C89}"
EndProject
Project("{FAE04EC0-301F-11D3-BF4B-00C04F79EFBC}") = "Akkatecture.MultiNode.Shared", "src\Akkatecture.MultiNode.Shared\Akkatecture.MultiNode.Shared.csproj", "{9484724B-C31C-4016-AC34-D61F49C7C664}"
EndProject
Global
	GlobalSection(SolutionConfigurationPlatforms) = preSolution
		Debug|Any CPU = Debug|Any CPU
		Release|Any CPU = Release|Any CPU
	EndGlobalSection
	GlobalSection(NestedProjects) = preSolution
		{9484724B-C31C-4016-AC34-D61F49C7C664} = {3F51610B-3D41-425A-A1FB-BA69909A8C89}
	EndGlobalSection
	GlobalSection(ProjectConfigurationPlatforms) = postSolution
		{9484724B-C31C-4016-AC34-D61F49C7C664}.Debug|Any CPU.ActiveCfg = Debug|Any CPU
		{9484724B-C31C-4016-AC34-D61F49C7C664}.Debug|Any CPU.Build.0 = Debug|Any CPU
		{9484724B-C31C-4016-AC34-D61F49C7C664}.Release|Any CPU.ActiveCfg = Release|Any CPU
		{9484724B-C31C-4016-AC34-D61F49C7C664}.Release|Any CPU.Build.0 = Release|Any CPU
	EndGlobalSection
EndGlobal
